
Microsoft Visual Studio Solution File, Format Version 12.00
# Visual Studio Version 16
VisualStudioVersion = 16.0.30621.155
MinimumVisualStudioVersion = 10.0.40219.1
Project("{9A19103F-16F7-4668-BE54-9A1E7A4F7556}") = "Sinav-OlusturmaWEBUI", "Sinav-Olusturma\Sinav-OlusturmaWEBUI.csproj", "{86ABD3BF-FE1D-46BC-A172-5413D02300F8}"
EndProject
Project("{9A19103F-16F7-4668-BE54-9A1E7A4F7556}") = "Sinav-Olusturma.Entities", "Sinav-Olusturma.Entities\Sinav-Olusturma.Entities.csproj", "{D9E6E14E-0AE3-42A3-B8E4-F534E8FECBC7}"
EndProject
Project("{9A19103F-16F7-4668-BE54-9A1E7A4F7556}") = "Sinav-Olusturma.Core", "Sinav-Olusturma.Core\Sinav-Olusturma.Core.csproj", "{8022D00D-1BCC-450F-9C29-CE14F962D85E}"
EndProject
Project("{9A19103F-16F7-4668-BE54-9A1E7A4F7556}") = "Sinav-Olusturma.Business", "Sinav-Olusturma.Business\Sinav-Olusturma.Business.csproj", "{054B2E4C-B744-4C5B-A126-FB2120A46898}"
EndProject
Project("{9A19103F-16F7-4668-BE54-9A1E7A4F7556}") = "Sinav-Olusturma.DataAccess", "Sinav-Olusturma.DataAccess\Sinav-Olusturma.DataAccess.csproj", "{3A727E07-A7CB-42A8-A817-5588A998900E}"
EndProject
Global
	GlobalSection(SolutionConfigurationPlatforms) = preSolution
		Debug|Any CPU = Debug|Any CPU
		Release|Any CPU = Release|Any CPU
	EndGlobalSection
	GlobalSection(ProjectConfigurationPlatforms) = postSolution
		{86ABD3BF-FE1D-46BC-A172-5413D02300F8}.Debug|Any CPU.ActiveCfg = Debug|Any CPU
		{86ABD3BF-FE1D-46BC-A172-5413D02300F8}.Debug|Any CPU.Build.0 = Debug|Any CPU
		{86ABD3BF-FE1D-46BC-A172-5413D02300F8}.Release|Any CPU.ActiveCfg = Release|Any CPU
		{86ABD3BF-FE1D-46BC-A172-5413D02300F8}.Release|Any CPU.Build.0 = Release|Any CPU
		{D9E6E14E-0AE3-42A3-B8E4-F534E8FECBC7}.Debug|Any CPU.ActiveCfg = Debug|Any CPU
		{D9E6E14E-0AE3-42A3-B8E4-F534E8FECBC7}.Debug|Any CPU.Build.0 = Debug|Any CPU
		{D9E6E14E-0AE3-42A3-B8E4-F534E8FECBC7}.Release|Any CPU.ActiveCfg = Release|Any CPU
		{D9E6E14E-0AE3-42A3-B8E4-F534E8FECBC7}.Release|Any CPU.Build.0 = Release|Any CPU
		{8022D00D-1BCC-450F-9C29-CE14F962D85E}.Debug|Any CPU.ActiveCfg = Debug|Any CPU
		{8022D00D-1BCC-450F-9C29-CE14F962D85E}.Debug|Any CPU.Build.0 = Debug|Any CPU
		{8022D00D-1BCC-450F-9C29-CE14F962D85E}.Release|Any CPU.ActiveCfg = Release|Any CPU
		{8022D00D-1BCC-450F-9C29-CE14F962D85E}.Release|Any CPU.Build.0 = Release|Any CPU
		{054B2E4C-B744-4C5B-A126-FB2120A46898}.Debug|Any CPU.ActiveCfg = Debug|Any CPU
		{054B2E4C-B744-4C5B-A126-FB2120A46898}.Debug|Any CPU.Build.0 = Debug|Any CPU
		{054B2E4C-B744-4C5B-A126-FB2120A46898}.Release|Any CPU.ActiveCfg = Release|Any CPU
		{054B2E4C-B744-4C5B-A126-FB2120A46898}.Release|Any CPU.Build.0 = Release|Any CPU
		{3A727E07-A7CB-42A8-A817-5588A998900E}.Debug|Any CPU.ActiveCfg = Debug|Any CPU
		{3A727E07-A7CB-42A8-A817-5588A998900E}.Debug|Any CPU.Build.0 = Debug|Any CPU
		{3A727E07-A7CB-42A8-A817-5588A998900E}.Release|Any CPU.ActiveCfg = Release|Any CPU
		{3A727E07-A7CB-42A8-A817-5588A998900E}.Release|Any CPU.Build.0 = Release|Any CPU
	EndGlobalSection
	GlobalSection(SolutionProperties) = preSolution
		HideSolutionNode = FALSE
	EndGlobalSection
	GlobalSection(ExtensibilityGlobals) = postSolution
		SolutionGuid = {847B0797-1CA1-4394-A7E0-E3E9B089864E}
	EndGlobalSection
EndGlobal
